github.com/google/go-cmp v0.5.8 h1:e6P7q2lk1O+qJJb4BtCQXlK8vWEO8V1ZeuEdJNOqZyg=
github.com/google/go-cmp v0.5.8/go.mod h1:17dUlkBOakJ0+DkrSSNjCkIjxS6bF9zb3elmeNGIjoY=
github.com/google/uuid v1.4.0 h1:MtMxsa51/r9yyhkyLsVeVt0B+BGQZzpQiTQ4eHZ8bc4=
github.com/google/uuid v1.4.0/go.mod h1:TIyPZe4MgqvfeYDBFedMoGGpEw/LqOeaOT+nhxU+yHo=
github.com/leep-frog/command v0.0.0-20231101214038-2289d544b811 h1:jednxhP+oVxDD7+pAKzySGp1nqJi2c+k3/pspA6IkZk=
github.com/leep-frog/command v0.0.0-20231101214038-2289d544b811/go.mod h1:BVvRu33MIWxYvhRn/+HgpaiRKs2HG9gAbUv5s5raTEM=
github.com/leep-frog/command v0.0.0-20231112205400-f9ec76173707 h1:KdeJqQC2CNW4ww2YeVedjBeicMZSL+fwGLC7DFlyWYg=
github.com/leep-frog/command v0.0.0-20231112205400-f9ec76173707/go.mod h1:uOueA4MNFozqwP04FIPFE4kw866MyPWyneSMjSut4aA=
github.com/leep-frog/command v0.0.0-20231114181116-b3e6b352c764 h1:ac9RB4JClPZEGB6WWGB0cF1fkQ3FxcT2/WaJsIuocYA=
github.com/leep-frog/command v0.0.0-20231114181116-b3e6b352c764/go.mod h1:uOueA4MNFozqwP04FIPFE4kw866MyPWyneSMjSut4aA=
github.com/leep-frog/command v0.0.0-20231114183500-a3d2ef85df58 h1:zgPOiM+vW7zimVc8sjcJyFllQLM2aYq8Pu2VXIiAg+w=
github.com/leep-frog/command v0.0.0-20231114183500-a3d2ef85df58/go.mod h1:uOueA4MNFozqwP04FIPFE4kw866MyPWyneSMjSut4aA=
github.com/leep-frog/command v0.0.0-20231114190027-1df67f5e6f06 h1:WYyp7lZENDgdLeISQL0800acbR74+vyEPumu47oUZ3M=
github.com/leep-frog/command v0.0.0-20231114190027-1df67f5e6f06/go.mod h1:uOueA4MNFozqwP04FIPFE4kw866MyPWyneSMjSut4aA=
github.com/leep-frog/command v0.0.0-20231114195919-7e6efba4301c h1:WnbgPD7mhudx6eL5BxO+2BB1QsX9P9Ribf9y/z/rYq0=
github.com/leep-frog/command v0.0.0-20231114195919-7e6efba4301c/go.mod h1:uOueA4MNFozqwP04FIPFE4kw866MyPWyneSMjSut4aA=
github.com/leep-frog/command v0.0.0-20231114214332-53b5cbb26228 h1:tgM/HpYyb0i0cx3kChvG62FN7eLI/oS6ULJLojPqbyM=
github.com/leep-frog/command v0.0.0-20231114214332-53b5cbb26228/go.mod h1:uOueA4MNFozqwP04FIPFE4kw866MyPWyneSMjSut4aA=
github.com/leep-frog/command v0.0.0-20231203032006-f1ce61955558 h1:7ZPKPC84MIm49NK5a+1fHnMnH1LxxFfWQrD22GTr+N4=
github.com/leep-frog/command v0.0.0-20231203032006-f1ce61955558/go.mod h1:uOueA4MNFozqwP04FIPFE4kw866MyPWyneSMjSut4aA=
github.com/leep-frog/functional v0.0.0-20230929161655-674a3379b7db h1:vQuqCnTGuy5dbogXOjc2guSIocaKXc9jg1O7NZYpJ30=
github.com/leep-frog/functional v0.0.0-20230929161655-674a3379b7db/go.mod h1:G713MwjNGfX1CI0Jo6CWqmIwEU/am6G85VzQ8UX6laU=
golang.org/x/exp v0.0.0-20231006140011-7918f672742d h1:jtJma62tbqLibJ5sFQz8bKtEM8rJBtfilJ2qTU199MI=
golang.org/x/exp v0.0.0-20231006140011-7918f672742d/go.mod h1:ldy0pHrwJyGW56pPQzzkH36rKxoZW1tw7ZJpeKx+hdo=
