github.com/google/go-cmp v0.6.0 h1:ofyhxvXcZhMsU5ulbFiLKl/XBFqE1GSq7atu8tAmTRI=
github.com/google/go-cmp v0.6.0/go.mod h1:17dUlkBOakJ0+DkrSSNjCkIjxS6bF9zb3elmeNGIjoY=
github.com/google/uuid v1.4.0 h1:MtMxsa51/r9yyhkyLsVeVt0B+BGQZzpQiTQ4eHZ8bc4=
github.com/google/uuid v1.4.0/go.mod h1:TIyPZe4MgqvfeYDBFedMoGGpEw/LqOeaOT+nhxU+yHo=
github.com/leep-frog/command v0.0.0-20241026181131-202fd0e5dbc0 h1:xWpB31VZpgFent2IulBVI0joEGncWdhuJrFpBA7EOBI=
github.com/leep-frog/command v0.0.0-20241026181131-202fd0e5dbc0/go.mod h1:8A0syaeqGn1XYRbIqIS0ythKToduiClOQKc1r1V6mJ0=
github.com/leep-frog/functional v0.0.0-20241026181418-8f5b7b34c6c0 h1:DwZ4TPOxivXUcEvVhWxYblf63TnOYCwC+SmpA26MriE=
github.com/leep-frog/functional v0.0.0-20241026181418-8f5b7b34c6c0/go.mod h1:lAZlidgRiDtfilnalfNWa+JBMzwGcYj5dWyGaSUWp5k=
golang.org/x/exp v0.0.0-20241009180824-f66d83c29e7c h1:7dEasQXItcW1xKJ2+gg5VOiBnqWrJc+rq0DPKyvvdbY=
golang.org/x/exp v0.0.0-20241009180824-f66d83c29e7c/go.mod h1:NQtJDoLvd6faHhE7m4T/1IY708gDefGGjR/iUW8yQQ8=
