github.com/google/go-cmp v0.5.8 h1:e6P7q2lk1O+qJJb4BtCQXlK8vWEO8V1ZeuEdJNOqZyg=
github.com/google/go-cmp v0.5.8/go.mod h1:17dUlkBOakJ0+DkrSSNjCkIjxS6bF9zb3elmeNGIjoY=
github.com/google/uuid v1.4.0 h1:MtMxsa51/r9yyhkyLsVeVt0B+BGQZzpQiTQ4eHZ8bc4=
github.com/google/uuid v1.4.0/go.mod h1:TIyPZe4MgqvfeYDBFedMoGGpEw/LqOeaOT+nhxU+yHo=
github.com/leep-frog/command v0.0.0-20241024143045-8e8b4afc2b04 h1:rcVtq8ETVEZLGgQJG6Sx8icMuv/H7jDhzy5PAtmlhgA=
github.com/leep-frog/command v0.0.0-20241024143045-8e8b4afc2b04/go.mod h1:TI1NoM3EFaRR5cgqG4od+YSnfgLCKKx/VhrsGl6WUlo=
github.com/leep-frog/functional v0.0.0-20230929161655-674a3379b7db h1:vQuqCnTGuy5dbogXOjc2guSIocaKXc9jg1O7NZYpJ30=
github.com/leep-frog/functional v0.0.0-20230929161655-674a3379b7db/go.mod h1:G713MwjNGfX1CI0Jo6CWqmIwEU/am6G85VzQ8UX6laU=
golang.org/x/exp v0.0.0-20231006140011-7918f672742d h1:jtJma62tbqLibJ5sFQz8bKtEM8rJBtfilJ2qTU199MI=
golang.org/x/exp v0.0.0-20231006140011-7918f672742d/go.mod h1:ldy0pHrwJyGW56pPQzzkH36rKxoZW1tw7ZJpeKx+hdo=
